
Microsoft Visual Studio Solution File, Format Version 12.00
# Visual Studio 15
VisualStudioVersion = 15.0.28010.2046
MinimumVisualStudioVersion = 10.0.40219.1
Project("{FAE04EC0-301F-11D3-BF4B-00C04F79EFBC}") = "NeonSpy", "NeonSpy\NeonSpy.csproj", "{70872526-9023-4034-81CA-BD191FB40019}"
EndProject
Global
	GlobalSection(SolutionConfigurationPlatforms) = preSolution
		Debug|Any CPU = Debug|Any CPU
		Release|Any CPU = Release|Any CPU
	EndGlobalSection
	GlobalSection(ProjectConfigurationPlatforms) = postSolution
		{70872526-9023-4034-81CA-BD191FB40019}.Debug|Any CPU.ActiveCfg = Debug|Any CPU
		{70872526-9023-4034-81CA-BD191FB40019}.Debug|Any CPU.Build.0 = Debug|Any CPU
		{70872526-9023-4034-81CA-BD191FB40019}.Release|Any CPU.ActiveCfg = Release|Any CPU
		{70872526-9023-4034-81CA-BD191FB40019}.Release|Any CPU.Build.0 = Release|Any CPU
	EndGlobalSection
	GlobalSection(SolutionProperties) = preSolution
		HideSolutionNode = FALSE
	EndGlobalSection
	GlobalSection(ExtensibilityGlobals) = postSolution
		SolutionGuid = {4E44CF5E-8024-4D2F-BE57-C34CF2845638}
	EndGlobalSection
EndGlobal
